
Microsoft Visual Studio Solution File, Format Version 12.00
# Visual Studio Version 17
VisualStudioVersion = 17.2.32519.379
MinimumVisualStudioVersion = 10.0.40219.1
Project("{2150E333-8FDC-42A3-9474-1A3956D46DE8}") = "Services", "Services", "{44F9B85B-A7BC-4703-8DC4-09421827A0F1}"
EndProject
Project("{2150E333-8FDC-42A3-9474-1A3956D46DE8}") = "Catalog", "Catalog", "{FD520C7B-B0A4-42E9-AAE6-330A57697EC9}"
EndProject
Project("{9A19103F-16F7-4668-BE54-9A1E7A4F7556}") = "Catalog.API", "Services\Catalog\Catalog.API\Catalog.API.csproj", "{8C09464C-8D31-4876-9557-9708DCA3C778}"
EndProject
Project("{E53339B2-1760-4266-BCC7-CA923CBCF16C}") = "docker-compose", "docker-compose.dcproj", "{D51F2FBA-5112-4527-BB17-06598CC8EC62}"
EndProject
Global
	GlobalSection(SolutionConfigurationPlatforms) = preSolution
		Debug|Any CPU = Debug|Any CPU
		Release|Any CPU = Release|Any CPU
	EndGlobalSection
	GlobalSection(ProjectConfigurationPlatforms) = postSolution
		{8C09464C-8D31-4876-9557-9708DCA3C778}.Debug|Any CPU.ActiveCfg = Debug|Any CPU
		{8C09464C-8D31-4876-9557-9708DCA3C778}.Debug|Any CPU.Build.0 = Debug|Any CPU
		{8C09464C-8D31-4876-9557-9708DCA3C778}.Release|Any CPU.ActiveCfg = Release|Any CPU
		{8C09464C-8D31-4876-9557-9708DCA3C778}.Release|Any CPU.Build.0 = Release|Any CPU
		{D51F2FBA-5112-4527-BB17-06598CC8EC62}.Debug|Any CPU.ActiveCfg = Debug|Any CPU
		{D51F2FBA-5112-4527-BB17-06598CC8EC62}.Debug|Any CPU.Build.0 = Debug|Any CPU
		{D51F2FBA-5112-4527-BB17-06598CC8EC62}.Release|Any CPU.ActiveCfg = Release|Any CPU
		{D51F2FBA-5112-4527-BB17-06598CC8EC62}.Release|Any CPU.Build.0 = Release|Any CPU
	EndGlobalSection
	GlobalSection(SolutionProperties) = preSolution
		HideSolutionNode = FALSE
	EndGlobalSection
	GlobalSection(NestedProjects) = preSolution
		{FD520C7B-B0A4-42E9-AAE6-330A57697EC9} = {44F9B85B-A7BC-4703-8DC4-09421827A0F1}
		{8C09464C-8D31-4876-9557-9708DCA3C778} = {FD520C7B-B0A4-42E9-AAE6-330A57697EC9}
	EndGlobalSection
	GlobalSection(ExtensibilityGlobals) = postSolution
		SolutionGuid = {90120F92-4B95-4305-9D97-20DA3EE58148}
	EndGlobalSection
EndGlobal
